
Microsoft Visual Studio Solution File, Format Version 12.00
# Visual Studio Version 17
VisualStudioVersion = 17.4.33205.214
MinimumVisualStudioVersion = 10.0.40219.1
Project("{9A19103F-16F7-4668-BE54-9A1E7A4F7556}") = "ElevatorApp", "ElevatorApp\ElevatorApp.csproj", "{9AC9108D-4C6A-4DD6-80D3-C2142C7BB597}"
EndProject
Project("{FAE04EC0-301F-11D3-BF4B-00C04F79EFBC}") = "UnitTests", "UnitTests\UnitTests.csproj", "{23D71091-2FB8-4300-A4F3-4173E221E974}"
EndProject
Global
	GlobalSection(SolutionConfigurationPlatforms) = preSolution
		Debug|Any CPU = Debug|Any CPU
		Release|Any CPU = Release|Any CPU
	EndGlobalSection
	GlobalSection(ProjectConfigurationPlatforms) = postSolution
		{9AC9108D-4C6A-4DD6-80D3-C2142C7BB597}.Debug|Any CPU.ActiveCfg = Debug|Any CPU
		{9AC9108D-4C6A-4DD6-80D3-C2142C7BB597}.Debug|Any CPU.Build.0 = Debug|Any CPU
		{9AC9108D-4C6A-4DD6-80D3-C2142C7BB597}.Release|Any CPU.ActiveCfg = Release|Any CPU
		{9AC9108D-4C6A-4DD6-80D3-C2142C7BB597}.Release|Any CPU.Build.0 = Release|Any CPU
		{23D71091-2FB8-4300-A4F3-4173E221E974}.Debug|Any CPU.ActiveCfg = Debug|Any CPU
		{23D71091-2FB8-4300-A4F3-4173E221E974}.Debug|Any CPU.Build.0 = Debug|Any CPU
		{23D71091-2FB8-4300-A4F3-4173E221E974}.Release|Any CPU.ActiveCfg = Release|Any CPU
		{23D71091-2FB8-4300-A4F3-4173E221E974}.Release|Any CPU.Build.0 = Release|Any CPU
	EndGlobalSection
	GlobalSection(SolutionProperties) = preSolution
		HideSolutionNode = FALSE
	EndGlobalSection
	GlobalSection(ExtensibilityGlobals) = postSolution
		SolutionGuid = {05856F31-E1F2-4B4A-B065-9A9901BD9F32}
	EndGlobalSection
EndGlobal
